
Microsoft Visual Studio Solution File, Format Version 12.00
# Visual Studio Version 16
VisualStudioVersion = 16.0.31613.86
MinimumVisualStudioVersion = 10.0.40219.1
Project("{FAE04EC0-301F-11D3-BF4B-00C04F79EFBC}") = "WorldSync", "WorldSync\WorldSync.csproj", "{6F0F0661-3C9E-4976-9DC8-EAEC31FDE24E}"
EndProject
Global
	GlobalSection(SolutionConfigurationPlatforms) = preSolution
		Debug|Any CPU = Debug|Any CPU
		Release|Any CPU = Release|Any CPU
	EndGlobalSection
	GlobalSection(ProjectConfigurationPlatforms) = postSolution
		{6F0F0661-3C9E-4976-9DC8-EAEC31FDE24E}.Debug|Any CPU.ActiveCfg = Debug|Any CPU
		{6F0F0661-3C9E-4976-9DC8-EAEC31FDE24E}.Debug|Any CPU.Build.0 = Debug|Any CPU
		{6F0F0661-3C9E-4976-9DC8-EAEC31FDE24E}.Release|Any CPU.ActiveCfg = Release|Any CPU
		{6F0F0661-3C9E-4976-9DC8-EAEC31FDE24E}.Release|Any CPU.Build.0 = Release|Any CPU
	EndGlobalSection
	GlobalSection(SolutionProperties) = preSolution
		HideSolutionNode = FALSE
	EndGlobalSection
	GlobalSection(ExtensibilityGlobals) = postSolution
		SolutionGuid = {5A0F339E-E9E5-4201-884C-641CC75520CE}
	EndGlobalSection
EndGlobal
